id: s_ammeter_3ph_2
label: ammeter\n  3-ph
category: '[GRC Hier Blocks]'

parameters:
-   id: name
    label: name
    dtype: string
    default: none
-   id: drawing_scheme
    label: drawing_scheme
    default: name
-   id: mirror
    label: mirror
    default: none
-   id: port_block_x
    label: port_block_x
    default: '4'
-   id: port_block_y
    label: port_block_y
    default: '4'
-   id: port_offset_b
    label: port_offset_b
    default: '0'
-   id: port_offset_l
    label: port_offset_l
    default: '0'
-   id: port_offset_r
    label: port_offset_r
    default: '0'
-   id: port_offset_t
    label: port_offset_t
    default: '0'
-   id: port_sep_x
    label: port_sep_x
    default: '4'
-   id: port_sep_y
    label: port_sep_y
    default: '4'
-   id: rotate_strict
    label: rotate_strict
    default: 'no'
outvars:
- ia
- ib
- ic

inputs: []

outputs:
-   label: ia
    dtype: float
-   label: ib
    dtype: float
-   label: ic
    dtype: float

e_left_nodes: []

e_right_nodes: []

e_top_nodes:
-   label: pa
    dtype: float
-   label: pb
    dtype: float
-   label: pc
    dtype: float

e_bottom_nodes:
-   label: na
    dtype: float
-   label: nb
    dtype: float
-   label: nc
    dtype: float

b_left_nodes: []

b_right_nodes: []

b_top_nodes: []

b_bottom_nodes: []
grc_source: ./gseim_grc/subckt_grc/s_ammeter_3ph_2.grc
