id: s_indmc
label: indmc
category: '[GRC Hier Blocks]'

parameters:
-   id: name
    label: name
    dtype: string
    default: none
-   id: i1_k
    label: i1_k
    default: computed
-   id: j
    label: j
    default: '0.089'
-   id: llr
    label: llr
    default: '0.002'
-   id: lls
    label: lls
    default: '0.002'
-   id: lm
    label: lm
    default: '0.0693'
-   id: m1_k
    label: m1_k
    default: computed
-   id: poles
    label: poles
    default: '4'
-   id: rr
    label: rr
    default: '0.816'
-   id: rs
    label: rs
    default: '0.435'
-   id: s1_k1
    label: s1_k1
    default: computed
-   id: s1_k2
    label: s1_k2
    default: computed
-   id: s2_k1
    label: s2_k1
    default: computed
-   id: s2_k2
    label: s2_k2
    default: computed
-   id: s3_k1
    label: s3_k1
    default: computed
-   id: s3_k2
    label: s3_k2
    default: computed
-   id: s4_k1
    label: s4_k1
    default: computed
-   id: s4_k2
    label: s4_k2
    default: computed
-   id: s6_k1
    label: s6_k1
    default: computed
-   id: s6_k2
    label: s6_k2
    default: computed
-   id: s7_k1
    label: s7_k1
    default: computed
-   id: s7_k2
    label: s7_k2
    default: computed
-   id: s8_k1
    label: s8_k1
    default: computed
-   id: s8_k2
    label: s8_k2
    default: computed
-   id: s9_k1
    label: s9_k1
    default: computed
-   id: s9_k2
    label: s9_k2
    default: computed
-   id: x2
    label: x2
    default: computed
-   id: drawing_scheme
    label: drawing_scheme
    default: name
-   id: mirror
    label: mirror
    default: none
-   id: port_block_x
    label: port_block_x
    default: '4'
-   id: port_block_y
    label: port_block_y
    default: '4'
-   id: port_sep_x
    label: port_sep_x
    default: '4'
-   id: port_sep_y
    label: port_sep_y
    default: '4'
-   id: rotate_strict
    label: rotate_strict
    default: 'no'
outvars:
- tem
- wrm

inputs:
-   label: va
    dtype: ''
-   label: vb
    dtype: ''
-   label: vc
    dtype: ''
-   label: tl
    dtype: ''

outputs:
-   label: wrm
    dtype: ''

e_left_nodes: []

e_right_nodes: []

e_top_nodes: []

e_bottom_nodes: []

b_left_nodes: []

b_right_nodes: []

b_top_nodes: []

b_bottom_nodes: []
grc_source: ./gseim_grc/subckt_grc/s_indmc.grc
