id: s_xfmr_level1_1ph
label: s_xfmr_level1_1ph
category: '[GRC Hier Blocks]'

parameters:
-   id: name
    label: name
    dtype: string
    default: none
-   id: ip0
    label: ip0
    default: '0'
-   id: is0
    label: is0
    default: '0'
-   id: p_ll
    label: p_ll
    default: 1n
-   id: p_rs
    label: p_rs
    default: 1m
-   id: p_turns
    label: p_turns
    default: '1'
-   id: r_large
    label: r_large
    default: 1G
-   id: s_ll
    label: s_ll
    default: 1n
-   id: s_rs
    label: s_rs
    default: 1m
-   id: s_turns
    label: s_turns
    default: '1'
-   id: drawing_scheme
    label: drawing_scheme
    default: symbol
-   id: mirror
    label: mirror
    default: none
-   id: port_block_x
    label: port_block_x
    default: '2'
-   id: port_block_y
    label: port_block_y
    default: '12'
-   id: port_offset_b
    label: port_offset_b
    default: '0'
-   id: port_offset_l
    label: port_offset_l
    default: '0'
-   id: port_offset_r
    label: port_offset_r
    default: '0'
-   id: port_offset_t
    label: port_offset_t
    default: '0'
-   id: port_sep_x
    label: port_sep_x
    default: '5'
-   id: port_sep_y
    label: port_sep_y
    default: '0'
-   id: rotate_strict
    label: rotate_strict
    default: 'yes'
outvars: []

inputs: []

outputs: []

e_left_nodes: []

e_right_nodes: []

e_top_nodes:
-   label: p_p
    dtype: ''
-   label: s_p
    dtype: ''

e_bottom_nodes:
-   label: p_n
    dtype: ''
-   label: s_n
    dtype: ''

b_left_nodes: []

b_right_nodes: []

b_top_nodes: []

b_bottom_nodes: []
grc_source: ./gseim_grc/subckt_grc/s_xfmr_level1_1ph.grc
