id: s_gate_pulses_MLI_1ph_1
label: gate pulses\n   MLI-1ph
category: '[GRC Hier Blocks]'

parameters:
-   id: name
    label: name
    dtype: string
    default: none
-   id: a_sin
    label: a_sin
    default: '1'
-   id: delt_min
    label: delt_min
    default: 0.1u
-   id: delt_nrml
    label: delt_nrml
    default: 1u
-   id: f_ac
    label: f_ac
    default: '50'
-   id: drawing_scheme
    label: drawing_scheme
    default: name
-   id: mirror
    label: mirror
    default: none
-   id: port_block_x
    label: port_block_x
    default: '4'
-   id: port_block_y
    label: port_block_y
    default: '4'
-   id: port_offset_b
    label: port_offset_b
    default: '0'
-   id: port_offset_l
    label: port_offset_l
    default: '0'
-   id: port_offset_r
    label: port_offset_r
    default: '0'
-   id: port_offset_t
    label: port_offset_t
    default: '0'
-   id: port_sep_x
    label: port_sep_x
    default: '4'
-   id: port_sep_y
    label: port_sep_y
    default: '4'
-   id: rotate_strict
    label: rotate_strict
    default: 'no'
outvars:
- sin1
- sin2

inputs:
-   label: tri
    dtype: float

outputs: []

e_left_nodes: []

e_right_nodes: []

e_top_nodes: []

e_bottom_nodes: []

b_left_nodes: []

b_right_nodes:
-   label: G
    dtype: float

b_top_nodes: []

b_bottom_nodes: []
grc_source: subckt_grc/s_gate_pulses_MLI_1ph_1.grc
