id: s_inverter_4q
label: INV 4Q
category: '[GRC Hier Blocks]'

parameters:
-   id: name
    label: name
    dtype: string
    default: none
-   id: C
    label: C
    default: 1p
-   id: r_off
    label: r_off
    default: 10M
-   id: r_on
    label: r_on
    default: 0.1m
-   id: x_high
    label: x_high
    default: '1'
-   id: drawing_scheme
    label: drawing_scheme
    default: name
-   id: mirror
    label: mirror
    default: none
-   id: port_block_x
    label: port_block_x
    default: '4'
-   id: port_block_y
    label: port_block_y
    default: '4'
-   id: port_sep_x
    label: port_sep_x
    default: '4'
-   id: port_sep_y
    label: port_sep_y
    default: '4'
-   id: rotate_strict
    label: rotate_strict
    default: 'no'
outvars:
- v_ab

inputs:
-   label: g1
    dtype: float
-   label: g2
    dtype: float
-   label: g3
    dtype: float
-   label: g4
    dtype: float

outputs: []

e_left_nodes: []

e_right_nodes:
-   label: a
    dtype: float
-   label: b
    dtype: float

e_top_nodes:
-   label: p
    dtype: float

e_bottom_nodes:
-   label: m
    dtype: float
grc_source: subckt_grc/s_inverter_4q.grc
