id: s_voltmeter_3ph_phase_1A
label: v_meter\n   3-ph
category: '[GRC Hier Blocks]'

parameters:
-   id: name
    label: name
    dtype: string
    default: none
-   id: drawing_scheme
    label: drawing_scheme
    default: name
-   id: mirror
    label: mirror
    default: none
-   id: port_block_x
    label: port_block_x
    default: '4'
-   id: port_block_y
    label: port_block_y
    default: '4'
-   id: port_offset_b
    label: port_offset_b
    default: '0'
-   id: port_offset_l
    label: port_offset_l
    default: '0'
-   id: port_offset_r
    label: port_offset_r
    default: '0'
-   id: port_offset_t
    label: port_offset_t
    default: '0'
-   id: port_sep_x
    label: port_sep_x
    default: '4'
-   id: port_sep_y
    label: port_sep_y
    default: '4'
-   id: rotate_strict
    label: rotate_strict
    default: 'no'
outvars:
- v_an
- v_bn
- v_cn

inputs: []

outputs: []

e_left_nodes:
-   label: a
    dtype: float
-   label: b
    dtype: float
-   label: c
    dtype: float
-   label: n
    dtype: float

e_right_nodes: []

e_top_nodes: []

e_bottom_nodes: []

b_left_nodes: []

b_right_nodes:
-   label: v_phase
    dtype: float

b_top_nodes: []

b_bottom_nodes: []
grc_source: subckt_grc/s_voltmeter_3ph_phase_1A.grc
