id: s_vsrc_ac_3ph_bus
label: AC-3
category: '[GRC Hier Blocks]'

parameters:
-   id: name
    label: name
    dtype: string
    default: none
-   id: A
    label: A
    default: '10'
-   id: f_hz
    label: f_hz
    default: '50'
-   id: phi_deg_a
    label: phi_deg_a
    default: '0'
-   id: phi_deg_b
    label: phi_deg_b
    default: '-120'
-   id: phi_deg_c
    label: phi_deg_c
    default: '120'
-   id: drawing_scheme
    label: drawing_scheme
    default: name
-   id: mirror
    label: mirror
    default: none
-   id: port_block_x
    label: port_block_x
    default: '4'
-   id: port_block_y
    label: port_block_y
    default: '8'
-   id: port_offset_b
    label: port_offset_b
    default: '0'
-   id: port_offset_l
    label: port_offset_l
    default: '0'
-   id: port_offset_r
    label: port_offset_r
    default: '0'
-   id: port_offset_t
    label: port_offset_t
    default: '0'
-   id: port_sep_x
    label: port_sep_x
    default: '4'
-   id: port_sep_y
    label: port_sep_y
    default: '4'
-   id: rotate_strict
    label: rotate_strict
    default: 'no'
outvars:
- i_a
- i_b
- i_c

inputs: []

outputs: []

e_left_nodes: []

e_right_nodes: []

e_top_nodes: []

e_bottom_nodes:
-   label: n
    dtype: float

b_left_nodes: []

b_right_nodes:
-   label: abc
    dtype: float

b_top_nodes: []

b_bottom_nodes: []
grc_source: subckt_grc/s_vsrc_ac_3ph_bus.grc
