id: s_gate_pulses_1ph_1
label: Gate pulses (1ph)-1
category: '[GRC Hier Blocks]'

parameters:
-   id: name
    label: name
    dtype: string
    default: none
-   id: delt_min
    label: delt_min
    default: 1e-6
-   id: delt_nrml
    label: delt_nrml
    default: 10e-6
-   id: t_delay
    label: t_delay
    default: 1e-3
-   id: y_high
    label: y_high
    default: '1'
outvars:
- x1
- x2
- y2
- y1

inputs:
-   label: x1
    dtype: float
    vlen: 1
-   label: x2
    dtype: float
    vlen: 1

outputs:
-   label: y1
    dtype: float
    vlen: 1
-   label: y2
    dtype: float
    vlen: 1
grc_source: ~/gseim_gui/subckt_grc/s_gate_pulses_1ph_1.grc

