id: s_gate_pulses_3ph_1
label: Gate pulses (3ph)-1
category: '[GRC Hier Blocks]'

parameters:
-   id: name
    label: name
    dtype: string
    default: none
-   id: delt_min
    label: delt_min
    default: 0.1u
-   id: delt_nrml
    label: delt_nrml
    default: 10u
-   id: t_delay
    label: t_delay
    default: 0.1m
-   id: y_high
    label: y_high
    default: '1'
outvars: []

inputs:
-   label: a
    dtype: float
    vlen: 1
-   label: b
    dtype: float
    vlen: 1
-   label: c
    dtype: float
    vlen: 1
-   label: ref
    dtype: float
    vlen: 1

outputs:
-   label: g1
    dtype: float
    vlen: 1
-   label: g2
    dtype: float
    vlen: 1
-   label: g3
    dtype: float
    vlen: 1
-   label: g4
    dtype: float
    vlen: 1
-   label: g5
    dtype: float
    vlen: 1
-   label: g6
    dtype: float
    vlen: 1
grc_source: ~/gseim_gui/subckt_grc/s_gate_pulses_3ph_1.grc

