id: connector_f_2y
label: c

parameters:
-   id: name
    label: name
    dtype: string
    default: none
-   id: rotate_strict
    label: rotate_strict
    dtype: string
    default: 'yes'
-   id: port_offset_l
    label: port_offset_l
    dtype: string
    default: '0'
-   id: port_offset_r
    label: port_offset_r
    dtype: string
    default: '0'
-   id: port_offset_t
    label: port_offset_t
    dtype: string
    default: '0'
-   id: port_offset_b
    label: port_offset_b
    dtype: string
    default: '0'
-   id: mirror
    label: mirror
    dtype: string
    default: 'none'
-   id: drawing_scheme
    label: drawing_scheme
    dtype: string
    default: 'symbol'
-   id: port_sep_x
    label: port_sep_x
    dtype: string
    default: '0' 
-   id: port_sep_y
    label: port_sep_y
    dtype: string
    default: '0' 
-   id: port_block_x
    label: port_block_x
    dtype: string
    default: '1' 
-   id: port_block_y
    label: port_block_y
    dtype: string
    default: '1' 
-   id: output1
    label: output1
    dtype: string
    default: 'bottom'

inputs:
-   label: in

outputs:
-   label: out

outvars: []
