id: indmc2b
label: indmc2b

parameters:
-   id: lls
    label: lls
    dtype: float
    default: '0.002'
-   id: lm
    label: lm
    dtype: float
    default: '0.0693'
-   id: llr
    label: llr
    dtype: float
    default: '0.002'
-   id: name
    label: name
    dtype: string
    default: none
-   id: rotate_strict
    label: rotate_strict
    dtype: string
    default: 'no'
-   id: mirror
    label: mirror
    dtype: string
    default: 'none'
-   id: drawing_scheme
    label: drawing_scheme
    dtype: string
    default: 'name'
-   id: port_sep_x
    label: port_sep_x
    dtype: string
    default: '0'
-   id: port_sep_y
    label: port_sep_y
    dtype: string
    default: '4'
-   id: port_block_x
    label: port_block_x
    dtype: string
    default: '4'
-   id: port_block_y
    label: port_block_y
    dtype: string
    default: '4'

inputs:
-   domain: stream
    label: psids
    dtype: float
-   domain: stream
    label: psidr
    dtype: float
-   domain: stream
    label: psiqs
    dtype: float
-   domain: stream
    label: psiqr
    dtype: float

outputs:
-   domain: stream
    label: ia
    dtype: float
-   domain: stream
    label: ib
    dtype: float
-   domain: stream
    label: ic
    dtype: float

outvars:
- ia  
- ib  
- ic  
