id: pwl20
label: PWL20

parameters:
-   id: n
    label: n
    dtype: float
    default: '2'
-   id: t1
    label: t1
    dtype: float
    default: '1'
-   id: v1
    label: v1
    dtype: float
    default: '1'
-   id: t2
    label: t2
    dtype: float
    default: '2'
-   id: v2
    label: v2
    dtype: float
    default: '2'
-   id: t3
    label: t3
    dtype: float
    default: '3'
-   id: v3
    label: v3
    dtype: float
    default: '3'
-   id: t4
    label: t4
    dtype: float
    default: '4'
-   id: v4
    label: v4
    dtype: float
    default: '4'
-   id: t5
    label: t5
    dtype: float
    default: '5'
-   id: v5
    label: v5
    dtype: float
    default: '5'
-   id: t6
    label: t6
    dtype: float
    default: '6'
-   id: v6
    label: v6
    dtype: float
    default: '6'
-   id: t7
    label: t7
    dtype: float
    default: '7'
-   id: v7
    label: v7
    dtype: float
    default: '7'
-   id: t8
    label: t8
    dtype: float
    default: '8'
-   id: v8
    label: v8
    dtype: float
    default: '8'
-   id: t9
    label: t9
    dtype: float
    default: '9'
-   id: v9
    label: v9
    dtype: float
    default: '9'
-   id: t10
    label: t10
    dtype: float
    default: '10'
-   id: v10
    label: v10
    dtype: float
    default: '10'
-   id: t11
    label: t11
    dtype: float
    default: '11'
-   id: v11
    label: v11
    dtype: float
    default: '11'
-   id: t12
    label: t12
    dtype: float
    default: '12'
-   id: v12
    label: v12
    dtype: float
    default: '12'
-   id: t13
    label: t13
    dtype: float
    default: '13'
-   id: v13
    label: v13
    dtype: float
    default: '13'
-   id: t14
    label: t14
    dtype: float
    default: '14'
-   id: v14
    label: v14
    dtype: float
    default: '14'
-   id: t15
    label: t15
    dtype: float
    default: '15'
-   id: v15
    label: v15
    dtype: float
    default: '15'
-   id: t16
    label: t16
    dtype: float
    default: '16'
-   id: v16
    label: v16
    dtype: float
    default: '16'
-   id: t17
    label: t17
    dtype: float
    default: '17'
-   id: v17
    label: v17
    dtype: float
    default: '17'
-   id: t18
    label: t18
    dtype: float
    default: '18'
-   id: v18
    label: v18
    dtype: float
    default: '18'
-   id: t19
    label: t19
    dtype: float
    default: '19'
-   id: v19
    label: v19
    dtype: float
    default: '19'
-   id: t20
    label: t20
    dtype: float
    default: '20'
-   id: v20
    label: v20
    dtype: float
    default: '20'
-   id: name
    label: name
    dtype: string
    default: none
-   id: rotate_strict
    label: rotate_strict
    dtype: string
    default: 'no'
-   id: mirror
    label: mirror
    dtype: string
    default: 'none'
-   id: drawing_scheme
    label: drawing_scheme
    dtype: string
    default: 'name'
-   id: port_sep_x
    label: port_sep_x
    dtype: string
    default: '0'
-   id: port_sep_y
    label: port_sep_y
    dtype: string
    default: '0'
-   id: port_block_x
    label: port_block_x
    dtype: string
    default: '4'
-   id: port_block_y
    label: port_block_y
    dtype: string
    default: '4'

outputs:
-   label: y

outvars:
- y
