id: pwm20_1
label: PWM

parameters:
-   id: ndata
    label: ndata
    dtype: float
    default: '2'
-   id: level_0minus
    label: level_0minus
    dtype: float
    default: '0'
-   id: theta_1
    label: theta_1
    dtype: float
    default: '90'
-   id: theta_2
    label: theta_2
    dtype: float
    default: '100'
-   id: theta_3
    label: theta_3
    dtype: float
    default: '0'
-   id: theta_4
    label: theta_4
    dtype: float
    default: '0'
-   id: theta_5
    label: theta_5
    dtype: float
    default: '0'
-   id: theta_6
    label: theta_6
    dtype: float
    default: '0'
-   id: theta_7
    label: theta_7
    dtype: float
    default: '0'
-   id: theta_8
    label: theta_8
    dtype: float
    default: '0'
-   id: theta_9
    label: theta_9
    dtype: float
    default: '0'
-   id: theta_10
    label: theta_10
    dtype: float
    default: '0'
-   id: theta_11
    label: theta_11
    dtype: float
    default: '0'
-   id: theta_12
    label: theta_12
    dtype: float
    default: '0'
-   id: theta_13
    label: theta_13
    dtype: float
    default: '0'
-   id: theta_14
    label: theta_14
    dtype: float
    default: '0'
-   id: theta_15
    label: theta_15
    dtype: float
    default: '0'
-   id: theta_16
    label: theta_16
    dtype: float
    default: '0'
-   id: theta_17
    label: theta_17
    dtype: float
    default: '0'
-   id: theta_18
    label: theta_18
    dtype: float
    default: '0'
-   id: theta_19
    label: theta_19
    dtype: float
    default: '0'
-   id: theta_20
    label: theta_20
    dtype: float
    default: '0'
-   id: frequency
    label: frequency
    dtype: float
    default: '1'
-   id: y_low
    label: y_low
    dtype: float
    default: '0'
-   id: y_high
    label: y_high
    dtype: float
    default: '1'
-   id: theta_delay
    label: theta_delay
    dtype: float
    default: '0'
-   id: name
    label: name
    dtype: string
    default: none
-   id: rotate_strict
    label: rotate_strict
    dtype: string
    default: 'yes'
-   id: port_offset_l
    label: port_offset_l
    dtype: string
    default: '0'
-   id: port_offset_r
    label: port_offset_r
    dtype: string
    default: '0'
-   id: port_offset_t
    label: port_offset_t
    dtype: string
    default: '0'
-   id: port_offset_b
    label: port_offset_b
    dtype: string
    default: '0'
-   id: mirror
    label: mirror
    dtype: string
    default: 'none'
-   id: drawing_scheme
    label: drawing_scheme
    dtype: string
    default: 'name'
-   id: port_sep_x
    label: port_sep_x
    dtype: string
    default: '0'
-   id: port_sep_y
    label: port_sep_y
    dtype: string
    default: '0'
-   id: port_block_x
    label: port_block_x
    dtype: string
    default: '4'
-   id: port_block_y
    label: port_block_y
    dtype: string
    default: '4'

outputs:
-   label: y

outvars:
- y
