id: indmc2b
label: indmc2b

# todo
parameters:
-   id: name
    label: name
    dtype: string
    default: none
-   id: lls
    label: lls
    dtype: float
    default: '0.002'
-   id: lm
    label: lm
    dtype: float
    default: '0.0693'
-   id: llr
    label: llr
    dtype: float
    default: '0.002'

inputs:
-   domain: stream
    label: psids
    dtype: float
-   domain: stream
    label: psidr
    dtype: float
-   domain: stream
    label: psiqs
    dtype: float
-   domain: stream
    label: psiqr
    dtype: float

outputs:
-   domain: stream
    label: ia
    dtype: float
-   domain: stream
    label: ib
    dtype: float
-   domain: stream
    label: ic
    dtype: float

outvars:
- ia  
- ib  
- ic  
