id: indmc2a
label: indmc2a

# todo
parameters:
-   id: name
    label: name
    dtype: string
    default: none
-   id: poles
    label: poles
    dtype: float
    default: '4'
-   id: rs
    label: rs
    dtype: float
    default: '0.435'
-   id: lls
    label: lls
    dtype: float
    default: '0.002'
-   id: lm
    label: lm
    dtype: float
    default: '0.0693'
-   id: llr
    label: llr
    dtype: float
    default: '0.002'
-   id: rr
    label: rr
    dtype: float
    default: '0.816'
-   id: j
    label: j
    dtype: float
    default: '0.089'

inputs:
-   domain: stream
    label: vqs
    dtype: float
-   domain: stream
    label: vds
    dtype: float
-   domain: stream
    label: tl
    dtype: float

outputs:
-   domain: stream
    label: wrm
    dtype: float
-   domain: stream
    label: psids
    dtype: float
-   domain: stream
    label: psidr
    dtype: float
-   domain: stream
    label: psiqs
    dtype: float
-   domain: stream
    label: psiqr
    dtype: float

outvars:
- wrm 
- tem 
- vds 
- vqs 

