id: lag_2
label: lag_2

parameters:
-   id: name
    label: name
    dtype: string
    default: none
-   id: t_delay
    label: t_delay
    dtype: float
    default: '1.0'
-   id: y_st
    label: y_st
    dtype: float
    default: '0.0'

inputs:
-   domain: stream
    label: x
    dtype: float

outputs:
-   domain: stream
    label: y
    dtype: float

outvars:
- x
- y
