id: sum_2
label: sum_2

parameters:
-   id: name
    label: name
    dtype: string
    default: none
-   id: k1
    label: k1
    dtype: float
    default: '1.0'
-   id: k2
    label: k2
    dtype: float
    default: '1.0'

inputs:
-   domain: stream
    label: x1
    dtype: float
-   domain: stream
    label: x2
    dtype: float

outputs:
-   domain: stream
    label: y
    dtype: float

outvars:
- x1
- x2
- y
