id: sum_5
label: sum_5

parameters:
-   id: name
    label: name
    dtype: string
    default: none
-   id: k1
    label: k1
    dtype: float
    default: '1.0'
-   id: k2
    label: k2
    dtype: float
    default: '1.0'
-   id: k3
    label: k3
    dtype: float
    default: '1.0'
-   id: k4
    label: k4
    dtype: float
    default: '1.0'
-   id: k5
    label: k5
    dtype: float
    default: '1.0'

inputs:
-   domain: stream
    label: x1
    dtype: float
-   domain: stream
    label: x2
    dtype: float
-   domain: stream
    label: x3
    dtype: float
-   domain: stream
    label: x4
    dtype: float
-   domain: stream
    label: x5
    dtype: float

outputs:
-   domain: stream
    label: y
    dtype: float

outvars:
- x1
- x2
- x3
- x4
- x5
- y
