id: vsi_3ph_1
label: vsi_3ph_1

parameters:
-   id: name
    label: name
    dtype: string
    default: none
-   id: vdc
    label: vdc
    dtype: float
    default: '1.0'
-   id: L
    label: L
    dtype: float
    default: '1.0'

inputs:
-   domain: stream
    label: g1
    dtype: float
-   domain: stream
    label: g2
    dtype: float
-   domain: stream
    label: g3
    dtype: float
-   domain: stream
    label: g4
    dtype: float
-   domain: stream
    label: g5
    dtype: float
-   domain: stream
    label: g6
    dtype: float

outputs:
-   domain: stream
    label: va
    dtype: float
-   domain: stream
    label: vb
    dtype: float
-   domain: stream
    label: vc
    dtype: float

outvars:
- va
- vb
- vc
- g1
- g2
- g3
- g4
- g5
- g6
