id: cmpr_1_2
label: cmpr

parameters:
-   id: x0
    label: x0
    dtype: float
    default: '0.0'
-   id: y_low
    label: y_low
    dtype: float
    default: '-1.0'
-   id: y_high
    label: y_high
    dtype: float
    default: '1.0'
-   id: epsl
    label: epsl
    dtype: float
    default: '1.0e-6'
-   id: delt_min
    label: delt_min
    dtype: float
    default: '0.001'
-   id: delt_nrml
    label: delt_nrml
    dtype: float
    default: '0.01'
-   id: flag_invert
    label: flag_invert
    dtype: float
    default: '0'
-   id: flag_quad
    label: flag_quad
    dtype: float
    default: '0'
-   id: name
    label: name
    dtype: string
    default: none
-   id: rotate_strict
    label: rotate_strict
    dtype: string
    default: 'no'
-   id: mirror
    label: mirror
    dtype: string
    default: 'none'
-   id: drawing_scheme
    label: drawing_scheme
    dtype: string
    default: 'name'
-   id: port_sep_x
    label: port_sep_x
    dtype: string
    default: '4'
-   id: port_sep_y
    label: port_sep_y
    dtype: string
    default: '4'
-   id: port_block_x
    label: port_block_x
    dtype: string
    default: '4'
-   id: port_block_y
    label: port_block_y
    dtype: string
    default: '4'

inputs:
-   label: x

outputs:
-   label: y1
-   label: y2

outvars:
- x
- y1
- y2
