id: indmc2a
label: indmc2a

parameters:
-   id: poles
    label: poles
    dtype: float
    default: '4'
-   id: rs
    label: rs
    dtype: float
    default: '0.435'
-   id: lls
    label: lls
    dtype: float
    default: '0.002'
-   id: lm
    label: lm
    dtype: float
    default: '0.0693'
-   id: llr
    label: llr
    dtype: float
    default: '0.002'
-   id: rr
    label: rr
    dtype: float
    default: '0.816'
-   id: j
    label: j
    dtype: float
    default: '0.089'
-   id: name
    label: name
    dtype: string
    default: none
-   id: rotate_strict
    label: rotate_strict
    dtype: string
    default: 'no'
-   id: mirror
    label: mirror
    dtype: string
    default: 'none'
-   id: drawing_scheme
    label: drawing_scheme
    dtype: string
    default: 'name'
-   id: port_sep_x
    label: port_sep_x
    dtype: string
    default: '0'
-   id: port_sep_y
    label: port_sep_y
    dtype: string
    default: '4'
-   id: port_block_x
    label: port_block_x
    dtype: string
    default: '4'
-   id: port_block_y
    label: port_block_y
    dtype: string
    default: '4'

inputs:
-   label: vqs
-   label: vds
-   label: tl

outputs:
-   label: wrm
-   label: psids
-   label: psidr
-   label: psiqs
-   label: psiqr

outvars:
- wrm 
- tem 
- vds 
- vqs 

