id: jkff
label: JK FF

parameters:
-   id: x_high
    label: x_high
    dtype: float
    default: '1.0'
-   id: dt
    label: dt
    dtype: float
    default: '0.1u'
-   id: active_pos_edge
    label: active_pos_edge
    dtype: float
    default: '1'
-   id: active_neg_edge
    label: active_neg_edge
    dtype: float
    default: '0'
-   id: q_st
    label: q_st
    dtype: float
    default: '0'
-   id: name
    label: name
    dtype: string
    default: none
-   id: rotate_strict
    label: rotate_strict
    dtype: string
    default: 'no'
-   id: mirror
    label: mirror
    dtype: string
    default: 'none'
-   id: drawing_scheme
    label: drawing_scheme
    dtype: string
    default: 'name'
-   id: port_sep_x
    label: port_sep_x
    dtype: string
    default: '0'
-   id: port_sep_y
    label: port_sep_y
    dtype: string
    default: '4'
-   id: port_block_x
    label: port_block_x
    dtype: string
    default: '4'
-   id: port_block_y
    label: port_block_y
    dtype: string
    default: '4'

inputs:
-   label: clk
-   label: j
-   label: k

outputs:
-   label: q
-   label: qbar

outvars:
- clk
- j
- k
- q
