id: user_fn_3_1
label: user_3_1

parameters:
-   id: index_fn
    label: index_fn
    dtype: float
    default: '1'
-   id: iprm1
    label: iprm1
    dtype: float
    default: '1'
-   id: iprm2
    label: iprm2
    dtype: float
    default: '1'
-   id: rprm1
    label: rprm1
    dtype: float
    default: '1'
-   id: rprm2
    label: rprm2
    dtype: float
    default: '1'
-   id: rprm3
    label: rprm3
    dtype: float
    default: '1'
-   id: rprm4
    label: rprm4
    dtype: float
    default: '1'
-   id: rprm5
    label: rprm5
    dtype: float
    default: '1'
-   id: rprm6
    label: rprm6
    dtype: float
    default: '1'
-   id: rprm7
    label: rprm7
    dtype: float
    default: '1'
-   id: rprm8
    label: rprm8
    dtype: float
    default: '1'
-   id: rprm9
    label: rprm9
    dtype: float
    default: '1'
-   id: rprm10
    label: rprm10
    dtype: float
    default: '1'
-   id: name
    label: name
    dtype: string
    default: none
-   id: rotate_strict
    label: rotate_strict
    dtype: string
    default: 'no'
-   id: mirror
    label: mirror
    dtype: string
    default: 'none'
-   id: drawing_scheme
    label: drawing_scheme
    dtype: string
    default: 'name'
-   id: port_sep_x
    label: port_sep_x
    dtype: string
    default: '4'
-   id: port_sep_y
    label: port_sep_y
    dtype: string
    default: '4'
-   id: port_block_x
    label: port_block_x
    dtype: string
    default: '4'
-   id: port_block_y
    label: port_block_y
    dtype: string
    default: '4'

inputs:
-   label: x1
-   label: x2
-   label: x3

outputs:
-   label: y1

outvars:
- y1
