id: xfer_fn
label: xfer\n fn

parameters:
-   id: scale_coef
    label: scale_coef
    dtype: float
    default: '0'
-   id: f0
    label: f0
    dtype: float
    default: '0.0'
-   id: a0
    label: a0
    dtype: float
    default: '0.0'
-   id: a1
    label: a1
    dtype: float
    default: '0.0'
-   id: a2
    label: a2
    dtype: float
    default: '0.0'
-   id: a3
    label: a3
    dtype: float
    default: '0.0'
-   id: a4
    label: a4
    dtype: float
    default: '0.0'
-   id: a5
    label: a5
    dtype: float
    default: '0.0'
-   id: b0
    label: b0
    dtype: float
    default: '0.0'
-   id: b1
    label: b1
    dtype: float
    default: '0.0'
-   id: b2
    label: b2
    dtype: float
    default: '0.0'
-   id: b3
    label: b3
    dtype: float
    default: '0.0'
-   id: b4
    label: b4
    dtype: float
    default: '0.0'
-   id: b5
    label: b5
    dtype: float
    default: '0.0'
-   id: x_sv
    label: x_sv
    dtype: float
    default: '0.0'
-   id: y_sv
    label: y_sv
    dtype: float
    default: '0.0'
-   id: name
    label: name
    dtype: string
    default: none
-   id: rotate_strict
    label: rotate_strict
    dtype: string
    default: 'no'
-   id: mirror
    label: mirror
    dtype: string
    default: 'none'
-   id: drawing_scheme
    label: drawing_scheme
    dtype: string
    default: 'name'
-   id: port_sep_x
    label: port_sep_x
    dtype: string
    default: '0'
-   id: port_sep_y
    label: port_sep_y
    dtype: string
    default: '0'
-   id: port_block_x
    label: port_block_x
    dtype: string
    default: '4'
-   id: port_block_y
    label: port_block_y
    dtype: string
    default: '4'

inputs:
-   label: x

outputs:
-   label: y

outvars:
- x
- y
