id: xfmr_l1l2
label: xfmr_l1l2

parameters:
-   id: l1
    label: l1
    dtype: float
    default: '1m'
-   id: l2
    label: l2
    dtype: float
    default: '1m'
-   id: k
    label: k
    dtype: float
    default: '1'
-   id: i10
    label: i10
    dtype: float
    default: '0'
-   id: i20
    label: i20
    dtype: float
    default: '0'
-   id: name
    label: name
    dtype: string
    default: none
-   id: rotate_strict
    label: rotate_strict
    dtype: string
    default: 'yes'
-   id: port_offset_l
    label: port_offset_l
    dtype: string
    default: '0'
-   id: port_offset_r
    label: port_offset_r
    dtype: string
    default: '0'
-   id: port_offset_t
    label: port_offset_t
    dtype: string
    default: '0'
-   id: port_offset_b
    label: port_offset_b
    dtype: string
    default: '0'
-   id: mirror
    label: mirror
    dtype: string
    default: 'none'
-   id: drawing_scheme
    label: drawing_scheme
    dtype: string
    default: 'symbol'
-   id: port_sep_x
    label: port_sep_x
    dtype: string
    default: '5'
-   id: port_sep_y
    label: port_sep_y
    dtype: string
    default: '0'
-   id: port_block_x
    label: port_block_x
    dtype: string
    default: '2'
-   id: port_block_y
    label: port_block_y
    dtype: string
    default: '12'

e_top_nodes:
-   label: p_p
-   label: s_p

e_bottom_nodes:
-   label: p_n
-   label: s_n

outvars:
- i1
- i2
- v1
- v2
